
Microsoft Visual Studio Solution File, Format Version 12.00
# Visual Studio Version 17
VisualStudioVersion = 17.14.36202.13 d17.14
MinimumVisualStudioVersion = 10.0.40219.1
Project("{FAE04EC0-301F-11D3-BF4B-00C04F79EFBC}") = "MyGame", "MyGame.csproj", "{8B113F34-2BB2-49FF-BC5B-EA7EBFCA6F80}"
EndProject
Global
	GlobalSection(SolutionConfigurationPlatforms) = preSolution
		Debug|Any CPU = Debug|Any CPU
		Release|Any CPU = Release|Any CPU
	EndGlobalSection
	GlobalSection(ProjectConfigurationPlatforms) = postSolution
		{8B113F34-2BB2-49FF-BC5B-EA7EBFCA6F80}.Debug|Any CPU.ActiveCfg = Debug|Any CPU
		{8B113F34-2BB2-49FF-BC5B-EA7EBFCA6F80}.Debug|Any CPU.Build.0 = Debug|Any CPU
		{8B113F34-2BB2-49FF-BC5B-EA7EBFCA6F80}.Release|Any CPU.ActiveCfg = Release|Any CPU
		{8B113F34-2BB2-49FF-BC5B-EA7EBFCA6F80}.Release|Any CPU.Build.0 = Release|Any CPU
	EndGlobalSection
	GlobalSection(SolutionProperties) = preSolution
		HideSolutionNode = FALSE
	EndGlobalSection
	GlobalSection(ExtensibilityGlobals) = postSolution
		SolutionGuid = {708DC25F-5E5F-4937-AEB9-6226EA1E9D13}
	EndGlobalSection
EndGlobal
